
Microsoft Visual Studio Solution File, Format Version 12.00
# Visual Studio 2015
Project("{FAE04EC0-301F-11D3-BF4B-00C04F79EFBC}") = "p170428.Plugins", "p170428.Plugins.csproj", "{50127708-5C8B-A83E-4C83-AF56ADC1B8C2}"
EndProject
Project("{FAE04EC0-301F-11D3-BF4B-00C04F79EFBC}") = "p170428", "p170428.csproj", "{460503F8-F1A7-37E9-DC39-DA305E1ABD50}"
EndProject
Global
	GlobalSection(SolutionConfigurationPlatforms) = preSolution
		Debug|Any CPU = Debug|Any CPU
		Release|Any CPU = Release|Any CPU
	EndGlobalSection
	GlobalSection(ProjectConfigurationPlatforms) = postSolution
		{50127708-5C8B-A83E-4C83-AF56ADC1B8C2}.Debug|Any CPU.ActiveCfg = Debug|Any CPU
		{50127708-5C8B-A83E-4C83-AF56ADC1B8C2}.Debug|Any CPU.Build.0 = Debug|Any CPU
		{50127708-5C8B-A83E-4C83-AF56ADC1B8C2}.Release|Any CPU.ActiveCfg = Release|Any CPU
		{50127708-5C8B-A83E-4C83-AF56ADC1B8C2}.Release|Any CPU.Build.0 = Release|Any CPU
		{460503F8-F1A7-37E9-DC39-DA305E1ABD50}.Debug|Any CPU.ActiveCfg = Debug|Any CPU
		{460503F8-F1A7-37E9-DC39-DA305E1ABD50}.Debug|Any CPU.Build.0 = Debug|Any CPU
		{460503F8-F1A7-37E9-DC39-DA305E1ABD50}.Release|Any CPU.ActiveCfg = Release|Any CPU
		{460503F8-F1A7-37E9-DC39-DA305E1ABD50}.Release|Any CPU.Build.0 = Release|Any CPU
	EndGlobalSection
	GlobalSection(SolutionProperties) = preSolution
		HideSolutionNode = FALSE
	EndGlobalSection
EndGlobal
